// !$*UTF8*$!
{
	archiveVersion = 1;
	classes = {
	};
	objectVersion = 56;
	objects = {

/* Begin PBXBuildFile section */
		48010FE32B2D562F00F79CF2 /* FFLayout.swift in Sources */ = {isa = PBXBuildFile; fileRef = 48010FE22B2D562F00F79CF2 /* FFLayout.swift */; };
		48010FE52B30966F00F79CF2 /* FFView.swift in Sources */ = {isa = PBXBuildFile; fileRef = 48010FE42B30966F00F79CF2 /* FFView.swift */; };
		48010FE72B30968400F79CF2 /* FFLabel.swift in Sources */ = {isa = PBXBuildFile; fileRef = 48010FE62B30968400F79CF2 /* FFLabel.swift */; };
		48010FEB2B3096D500F79CF2 /* FFStack.swift in Sources */ = {isa = PBXBuildFile; fileRef = 48010FEA2B3096D500F79CF2 /* FFStack.swift */; };
		48010FED2B3096E900F79CF2 /* FFImage.swift in Sources */ = {isa = PBXBuildFile; fileRef = 48010FEC2B3096E900F79CF2 /* FFImage.swift */; };
		48F758102B25574300D1FBAE /* AppDelegate.swift in Sources */ = {isa = PBXBuildFile; fileRef = 48F7580F2B25574300D1FBAE /* AppDelegate.swift */; };
		48F758122B25574300D1FBAE /* SceneDelegate.swift in Sources */ = {isa = PBXBuildFile; fileRef = 48F758112B25574300D1FBAE /* SceneDelegate.swift */; };
		48F758142B25574300D1FBAE /* ViewController.swift in Sources */ = {isa = PBXBuildFile; fileRef = 48F758132B25574300D1FBAE /* ViewController.swift */; };
		48F758172B25574300D1FBAE /* Main.storyboard in Resources */ = {isa = PBXBuildFile; fileRef = 48F758152B25574300D1FBAE /* Main.storyboard */; };
		48F758192B25574600D1FBAE /* Assets.xcassets in Resources */ = {isa = PBXBuildFile; fileRef = 48F758182B25574600D1FBAE /* Assets.xcassets */; };
		48F7581C2B25574600D1FBAE /* LaunchScreen.storyboard in Resources */ = {isa = PBXBuildFile; fileRef = 48F7581A2B25574600D1FBAE /* LaunchScreen.storyboard */; };
		70C754ADA728422D71A605A1 /* Pods_LayoutDemo.framework in Frameworks */ = {isa = PBXBuildFile; fileRef = AC17A6A3F31FC86A3D0EBC4D /* Pods_LayoutDemo.framework */; };
/* End PBXBuildFile section */

/* Begin PBXFileReference section */
		48010FE22B2D562F00F79CF2 /* FFLayout.swift */ = {isa = PBXFileReference; lastKnownFileType = sourcecode.swift; path = FFLayout.swift; sourceTree = "<group>"; };
		48010FE42B30966F00F79CF2 /* FFView.swift */ = {isa = PBXFileReference; lastKnownFileType = sourcecode.swift; path = FFView.swift; sourceTree = "<group>"; };
		48010FE62B30968400F79CF2 /* FFLabel.swift */ = {isa = PBXFileReference; lastKnownFileType = sourcecode.swift; path = FFLabel.swift; sourceTree = "<group>"; };
		48010FEA2B3096D500F79CF2 /* FFStack.swift */ = {isa = PBXFileReference; lastKnownFileType = sourcecode.swift; path = FFStack.swift; sourceTree = "<group>"; };
		48010FEC2B3096E900F79CF2 /* FFImage.swift */ = {isa = PBXFileReference; lastKnownFileType = sourcecode.swift; path = FFImage.swift; sourceTree = "<group>"; };
		48F7580C2B25574300D1FBAE /* LayoutDemo.app */ = {isa = PBXFileReference; explicitFileType = wrapper.application; includeInIndex = 0; path = LayoutDemo.app; sourceTree = BUILT_PRODUCTS_DIR; };
		48F7580F2B25574300D1FBAE /* AppDelegate.swift */ = {isa = PBXFileReference; lastKnownFileType = sourcecode.swift; path = AppDelegate.swift; sourceTree = "<group>"; };
		48F758112B25574300D1FBAE /* SceneDelegate.swift */ = {isa = PBXFileReference; lastKnownFileType = sourcecode.swift; path = SceneDelegate.swift; sourceTree = "<group>"; };
		48F758132B25574300D1FBAE /* ViewController.swift */ = {isa = PBXFileReference; lastKnownFileType = sourcecode.swift; path = ViewController.swift; sourceTree = "<group>"; };
		48F758162B25574300D1FBAE /* Base */ = {isa = PBXFileReference; lastKnownFileType = file.storyboard; name = Base; path = Base.lproj/Main.storyboard; sourceTree = "<group>"; };
		48F758182B25574600D1FBAE /* Assets.xcassets */ = {isa = PBXFileReference; lastKnownFileType = folder.assetcatalog; path = Assets.xcassets; sourceTree = "<group>"; };
		48F7581B2B25574600D1FBAE /* Base */ = {isa = PBXFileReference; lastKnownFileType = file.storyboard; name = Base; path = Base.lproj/LaunchScreen.storyboard; sourceTree = "<group>"; };
		48F7581D2B25574600D1FBAE /* Info.plist */ = {isa = PBXFileReference; lastKnownFileType = text.plist.xml; path = Info.plist; sourceTree = "<group>"; };
		AC17A6A3F31FC86A3D0EBC4D /* Pods_LayoutDemo.framework */ = {isa = PBXFileReference; explicitFileType = wrapper.framework; includeInIndex = 0; path = Pods_LayoutDemo.framework; sourceTree = BUILT_PRODUCTS_DIR; };
		B64D81F8331EBBD19BB4B2B6 /* Pods-LayoutDemo.release.xcconfig */ = {isa = PBXFileReference; includeInIndex = 1; lastKnownFileType = text.xcconfig; name = "Pods-LayoutDemo.release.xcconfig"; path = "Target Support Files/Pods-LayoutDemo/Pods-LayoutDemo.release.xcconfig"; sourceTree = "<group>"; };
		D3B7CE89C0697CC5B9E572B1 /* Pods-LayoutDemo.debug.xcconfig */ = {isa = PBXFileReference; includeInIndex = 1; lastKnownFileType = text.xcconfig; name = "Pods-LayoutDemo.debug.xcconfig"; path = "Target Support Files/Pods-LayoutDemo/Pods-LayoutDemo.debug.xcconfig"; sourceTree = "<group>"; };
/* End PBXFileReference section */

/* Begin PBXFrameworksBuildPhase section */
		48F758092B25574300D1FBAE /* Frameworks */ = {
			isa = PBXFrameworksBuildPhase;
			buildActionMask = 2147483647;
			files = (
				70C754ADA728422D71A605A1 /* Pods_LayoutDemo.framework in Frameworks */,
			);
			runOnlyForDeploymentPostprocessing = 0;
		};
/* End PBXFrameworksBuildPhase section */

/* Begin PBXGroup section */
		48F758032B25574300D1FBAE = {
			isa = PBXGroup;
			children = (
				48F7580E2B25574300D1FBAE /* LayoutDemo */,
				48F7580D2B25574300D1FBAE /* Products */,
				9ACB6AF55A6CE4748438E5E0 /* Pods */,
				5C4B934397F019E7767EB1F1 /* Frameworks */,
			);
			sourceTree = "<group>";
		};
		48F7580D2B25574300D1FBAE /* Products */ = {
			isa = PBXGroup;
			children = (
				48F7580C2B25574300D1FBAE /* LayoutDemo.app */,
			);
			name = Products;
			sourceTree = "<group>";
		};
		48F7580E2B25574300D1FBAE /* LayoutDemo */ = {
			isa = PBXGroup;
			children = (
				48F7580F2B25574300D1FBAE /* AppDelegate.swift */,
				48F758112B25574300D1FBAE /* SceneDelegate.swift */,
				48F758132B25574300D1FBAE /* ViewController.swift */,
				48010FE22B2D562F00F79CF2 /* FFLayout.swift */,
				48010FE42B30966F00F79CF2 /* FFView.swift */,
				48010FE62B30968400F79CF2 /* FFLabel.swift */,
				48010FEA2B3096D500F79CF2 /* FFStack.swift */,
				48010FEC2B3096E900F79CF2 /* FFImage.swift */,
				48F758152B25574300D1FBAE /* Main.storyboard */,
				48F758182B25574600D1FBAE /* Assets.xcassets */,
				48F7581A2B25574600D1FBAE /* LaunchScreen.storyboard */,
				48F7581D2B25574600D1FBAE /* Info.plist */,
			);
			path = LayoutDemo;
			sourceTree = "<group>";
		};
		5C4B934397F019E7767EB1F1 /* Frameworks */ = {
			isa = PBXGroup;
			children = (
				AC17A6A3F31FC86A3D0EBC4D /* Pods_LayoutDemo.framework */,
			);
			name = Frameworks;
			sourceTree = "<group>";
		};
		9ACB6AF55A6CE4748438E5E0 /* Pods */ = {
			isa = PBXGroup;
			children = (
				D3B7CE89C0697CC5B9E572B1 /* Pods-LayoutDemo.debug.xcconfig */,
				B64D81F8331EBBD19BB4B2B6 /* Pods-LayoutDemo.release.xcconfig */,
			);
			path = Pods;
			sourceTree = "<group>";
		};
/* End PBXGroup section */

/* Begin PBXNativeTarget section */
		48F7580B2B25574300D1FBAE /* LayoutDemo */ = {
			isa = PBXNativeTarget;
			buildConfigurationList = 48F758202B25574600D1FBAE /* Build configuration list for PBXNativeTarget "LayoutDemo" */;
			buildPhases = (
				D27F080C69C3A37AFE8C4BF9 /* [CP] Check Pods Manifest.lock */,
				48F758082B25574300D1FBAE /* Sources */,
				48F758092B25574300D1FBAE /* Frameworks */,
				48F7580A2B25574300D1FBAE /* Resources */,
				827FD905DA6F3BA30A4A2E64 /* [CP] Embed Pods Frameworks */,
			);
			buildRules = (
			);
			dependencies = (
			);
			name = LayoutDemo;
			productName = LayoutDemo;
			productReference = 48F7580C2B25574300D1FBAE /* LayoutDemo.app */;
			productType = "com.apple.product-type.application";
		};
/* End PBXNativeTarget section */

/* Begin PBXProject section */
		48F758042B25574300D1FBAE /* Project object */ = {
			isa = PBXProject;
			attributes = {
				BuildIndependentTargetsInParallel = 1;
				LastSwiftUpdateCheck = 1420;
				LastUpgradeCheck = 1420;
				TargetAttributes = {
					48F7580B2B25574300D1FBAE = {
						CreatedOnToolsVersion = 14.2;
					};
				};
			};
			buildConfigurationList = 48F758072B25574300D1FBAE /* Build configuration list for PBXProject "LayoutDemo" */;
			compatibilityVersion = "Xcode 14.0";
			developmentRegion = en;
			hasScannedForEncodings = 0;
			knownRegions = (
				en,
				Base,
			);
			mainGroup = 48F758032B25574300D1FBAE;
			productRefGroup = 48F7580D2B25574300D1FBAE /* Products */;
			projectDirPath = "";
			projectRoot = "";
			targets = (
				48F7580B2B25574300D1FBAE /* LayoutDemo */,
			);
		};
/* End PBXProject section */

/* Begin PBXResourcesBuildPhase section */
		48F7580A2B25574300D1FBAE /* Resources */ = {
			isa = PBXResourcesBuildPhase;
			buildActionMask = 2147483647;
			files = (
				48F7581C2B25574600D1FBAE /* LaunchScreen.storyboard in Resources */,
				48F758192B25574600D1FBAE /* Assets.xcassets in Resources */,
				48F758172B25574300D1FBAE /* Main.storyboard in Resources */,
			);
			runOnlyForDeploymentPostprocessing = 0;
		};
/* End PBXResourcesBuildPhase section */

/* Begin PBXShellScriptBuildPhase section */
		827FD905DA6F3BA30A4A2E64 /* [CP] Embed Pods Frameworks */ = {
			isa = PBXShellScriptBuildPhase;
			buildActionMask = 2147483647;
			files = (
			);
			inputFileListPaths = (
				"${PODS_ROOT}/Target Support Files/Pods-LayoutDemo/Pods-LayoutDemo-frameworks-${CONFIGURATION}-input-files.xcfilelist",
			);
			name = "[CP] Embed Pods Frameworks";
			outputFileListPaths = (
				"${PODS_ROOT}/Target Support Files/Pods-LayoutDemo/Pods-LayoutDemo-frameworks-${CONFIGURATION}-output-files.xcfilelist",
			);
			runOnlyForDeploymentPostprocessing = 0;
			shellPath = /bin/sh;
			shellScript = "\"${PODS_ROOT}/Target Support Files/Pods-LayoutDemo/Pods-LayoutDemo-frameworks.sh\"\n";
			showEnvVarsInLog = 0;
		};
		D27F080C69C3A37AFE8C4BF9 /* [CP] Check Pods Manifest.lock */ = {
			isa = PBXShellScriptBuildPhase;
			buildActionMask = 2147483647;
			files = (
			);
			inputFileListPaths = (
			);
			inputPaths = (
				"${PODS_PODFILE_DIR_PATH}/Podfile.lock",
				"${PODS_ROOT}/Manifest.lock",
			);
			name = "[CP] Check Pods Manifest.lock";
			outputFileListPaths = (
			);
			outputPaths = (
				"$(DERIVED_FILE_DIR)/Pods-LayoutDemo-checkManifestLockResult.txt",
			);
			runOnlyForDeploymentPostprocessing = 0;
			shellPath = /bin/sh;
			shellScript = "diff \"${PODS_PODFILE_DIR_PATH}/Podfile.lock\" \"${PODS_ROOT}/Manifest.lock\" > /dev/null\nif [ $? != 0 ] ; then\n    # print error to STDERR\n    echo \"error: The sandbox is not in sync with the Podfile.lock. Run 'pod install' or update your CocoaPods installation.\" >&2\n    exit 1\nfi\n# This output is used by Xcode 'outputs' to avoid re-running this script phase.\necho \"SUCCESS\" > \"${SCRIPT_OUTPUT_FILE_0}\"\n";
			showEnvVarsInLog = 0;
		};
/* End PBXShellScriptBuildPhase section */

/* Begin PBXSourcesBuildPhase section */
		48F758082B25574300D1FBAE /* Sources */ = {
			isa = PBXSourcesBuildPhase;
			buildActionMask = 2147483647;
			files = (
				48010FE72B30968400F79CF2 /* FFLabel.swift in Sources */,
				48F758142B25574300D1FBAE /* ViewController.swift in Sources */,
				48010FE52B30966F00F79CF2 /* FFView.swift in Sources */,
				48010FEB2B3096D500F79CF2 /* FFStack.swift in Sources */,
				48F758102B25574300D1FBAE /* AppDelegate.swift in Sources */,
				48F758122B25574300D1FBAE /* SceneDelegate.swift in Sources */,
				48010FE32B2D562F00F79CF2 /* FFLayout.swift in Sources */,
				48010FED2B3096E900F79CF2 /* FFImage.swift in Sources */,
			);
			runOnlyForDeploymentPostprocessing = 0;
		};
/* End PBXSourcesBuildPhase section */

/* Begin PBXVariantGroup section */
		48F758152B25574300D1FBAE /* Main.storyboard */ = {
			isa = PBXVariantGroup;
			children = (
				48F758162B25574300D1FBAE /* Base */,
			);
			name = Main.storyboard;
			sourceTree = "<group>";
		};
		48F7581A2B25574600D1FBAE /* LaunchScreen.storyboard */ = {
			isa = PBXVariantGroup;
			children = (
				48F7581B2B25574600D1FBAE /* Base */,
			);
			name = LaunchScreen.storyboard;
			sourceTree = "<group>";
		};
/* End PBXVariantGroup section */

/* Begin XCBuildConfiguration section */
		48F7581E2B25574600D1FBAE /* Debug */ = {
			isa = XCBuildConfiguration;
			buildSettings = {
				ALWAYS_SEARCH_USER_PATHS = NO;
				CLANG_ANALYZER_NONNULL = YES;
				CLANG_ANALYZER_NUMBER_OBJECT_CONVERSION = YES_AGGRESSIVE;
				CLANG_CXX_LANGUAGE_STANDARD = "gnu++20";
				CLANG_ENABLE_MODULES = YES;
				CLANG_ENABLE_OBJC_ARC = YES;
				CLANG_ENABLE_OBJC_WEAK = YES;
				CLANG_WARN_BLOCK_CAPTURE_AUTORELEASING = YES;
				CLANG_WARN_BOOL_CONVERSION = YES;
				CLANG_WARN_COMMA = YES;
				CLANG_WARN_CONSTANT_CONVERSION = YES;
				CLANG_WARN_DEPRECATED_OBJC_IMPLEMENTATIONS = YES;
				CLANG_WARN_DIRECT_OBJC_ISA_USAGE = YES_ERROR;
				CLANG_WARN_DOCUMENTATION_COMMENTS = YES;
				CLANG_WARN_EMPTY_BODY = YES;
				CLANG_WARN_ENUM_CONVERSION = YES;
				CLANG_WARN_INFINITE_RECURSION = YES;
				CLANG_WARN_INT_CONVERSION = YES;
				CLANG_WARN_NON_LITERAL_NULL_CONVERSION = YES;
				CLANG_WARN_OBJC_IMPLICIT_RETAIN_SELF = YES;
				CLANG_WARN_OBJC_LITERAL_CONVERSION = YES;
				CLANG_WARN_OBJC_ROOT_CLASS = YES_ERROR;
				CLANG_WARN_QUOTED_INCLUDE_IN_FRAMEWORK_HEADER = YES;
				CLANG_WARN_RANGE_LOOP_ANALYSIS = YES;
				CLANG_WARN_STRICT_PROTOTYPES = YES;
				CLANG_WARN_SUSPICIOUS_MOVE = YES;
				CLANG_WARN_UNGUARDED_AVAILABILITY = YES_AGGRESSIVE;
				CLANG_WARN_UNREACHABLE_CODE = YES;
				CLANG_WARN__DUPLICATE_METHOD_MATCH = YES;
				COPY_PHASE_STRIP = NO;
				DEBUG_INFORMATION_FORMAT = dwarf;
				ENABLE_STRICT_OBJC_MSGSEND = YES;
				ENABLE_TESTABILITY = YES;
				GCC_C_LANGUAGE_STANDARD = gnu11;
				GCC_DYNAMIC_NO_PIC = NO;
				GCC_NO_COMMON_BLOCKS = YES;
				GCC_OPTIMIZATION_LEVEL = 0;
				GCC_PREPROCESSOR_DEFINITIONS = (
					"DEBUG=1",
					"$(inherited)",
				);
				GCC_WARN_64_TO_32_BIT_CONVERSION = YES;
				GCC_WARN_ABOUT_RETURN_TYPE = YES_ERROR;
				GCC_WARN_UNDECLARED_SELECTOR = YES;
				GCC_WARN_UNINITIALIZED_AUTOS = YES_AGGRESSIVE;
				GCC_WARN_UNUSED_FUNCTION = YES;
				GCC_WARN_UNUSED_VARIABLE = YES;
				IPHONEOS_DEPLOYMENT_TARGET = 16.2;
				MTL_ENABLE_DEBUG_INFO = INCLUDE_SOURCE;
				MTL_FAST_MATH = YES;
				ONLY_ACTIVE_ARCH = YES;
				SDKROOT = iphoneos;
				SWIFT_ACTIVE_COMPILATION_CONDITIONS = DEBUG;
				SWIFT_OPTIMIZATION_LEVEL = "-Onone";
			};
			name = Debug;
		};
		48F7581F2B25574600D1FBAE /* Release */ = {
			isa = XCBuildConfiguration;
			buildSettings = {
				ALWAYS_SEARCH_USER_PATHS = NO;
				CLANG_ANALYZER_NONNULL = YES;
				CLANG_ANALYZER_NUMBER_OBJECT_CONVERSION = YES_AGGRESSIVE;
				CLANG_CXX_LANGUAGE_STANDARD = "gnu++20";
				CLANG_ENABLE_MODULES = YES;
				CLANG_ENABLE_OBJC_ARC = YES;
				CLANG_ENABLE_OBJC_WEAK = YES;
				CLANG_WARN_BLOCK_CAPTURE_AUTORELEASING = YES;
				CLANG_WARN_BOOL_CONVERSION = YES;
				CLANG_WARN_COMMA = YES;
				CLANG_WARN_CONSTANT_CONVERSION = YES;
				CLANG_WARN_DEPRECATED_OBJC_IMPLEMENTATIONS = YES;
				CLANG_WARN_DIRECT_OBJC_ISA_USAGE = YES_ERROR;
				CLANG_WARN_DOCUMENTATION_COMMENTS = YES;
				CLANG_WARN_EMPTY_BODY = YES;
				CLANG_WARN_ENUM_CONVERSION = YES;
				CLANG_WARN_INFINITE_RECURSION = YES;
				CLANG_WARN_INT_CONVERSION = YES;
				CLANG_WARN_NON_LITERAL_NULL_CONVERSION = YES;
				CLANG_WARN_OBJC_IMPLICIT_RETAIN_SELF = YES;
				CLANG_WARN_OBJC_LITERAL_CONVERSION = YES;
				CLANG_WARN_OBJC_ROOT_CLASS = YES_ERROR;
				CLANG_WARN_QUOTED_INCLUDE_IN_FRAMEWORK_HEADER = YES;
				CLANG_WARN_RANGE_LOOP_ANALYSIS = YES;
				CLANG_WARN_STRICT_PROTOTYPES = YES;
				CLANG_WARN_SUSPICIOUS_MOVE = YES;
				CLANG_WARN_UNGUARDED_AVAILABILITY = YES_AGGRESSIVE;
				CLANG_WARN_UNREACHABLE_CODE = YES;
				CLANG_WARN__DUPLICATE_METHOD_MATCH = YES;
				COPY_PHASE_STRIP = NO;
				DEBUG_INFORMATION_FORMAT = "dwarf-with-dsym";
				ENABLE_NS_ASSERTIONS = NO;
				ENABLE_STRICT_OBJC_MSGSEND = YES;
				GCC_C_LANGUAGE_STANDARD = gnu11;
				GCC_NO_COMMON_BLOCKS = YES;
				GCC_WARN_64_TO_32_BIT_CONVERSION = YES;
				GCC_WARN_ABOUT_RETURN_TYPE = YES_ERROR;
				GCC_WARN_UNDECLARED_SELECTOR = YES;
				GCC_WARN_UNINITIALIZED_AUTOS = YES_AGGRESSIVE;
				GCC_WARN_UNUSED_FUNCTION = YES;
				GCC_WARN_UNUSED_VARIABLE = YES;
				IPHONEOS_DEPLOYMENT_TARGET = 16.2;
				MTL_ENABLE_DEBUG_INFO = NO;
				MTL_FAST_MATH = YES;
				SDKROOT = iphoneos;
				SWIFT_COMPILATION_MODE = wholemodule;
				SWIFT_OPTIMIZATION_LEVEL = "-O";
				VALIDATE_PRODUCT = YES;
			};
			name = Release;
		};
		48F758212B25574600D1FBAE /* Debug */ = {
			isa = XCBuildConfiguration;
			baseConfigurationReference = D3B7CE89C0697CC5B9E572B1 /* Pods-LayoutDemo.debug.xcconfig */;
			buildSettings = {
				ASSETCATALOG_COMPILER_APPICON_NAME = AppIcon;
				ASSETCATALOG_COMPILER_GLOBAL_ACCENT_COLOR_NAME = AccentColor;
				CODE_SIGN_STYLE = Automatic;
				CURRENT_PROJECT_VERSION = 1;
				DEVELOPMENT_TEAM = KVX8FV3VE3;
				GENERATE_INFOPLIST_FILE = YES;
				INFOPLIST_FILE = LayoutDemo/Info.plist;
				INFOPLIST_KEY_UIApplicationSupportsIndirectInputEvents = YES;
				INFOPLIST_KEY_UILaunchStoryboardName = LaunchScreen;
				INFOPLIST_KEY_UIMainStoryboardFile = Main;
				INFOPLIST_KEY_UISupportedInterfaceOrientations_iPad = "UIInterfaceOrientationPortrait UIInterfaceOrientationPortraitUpsideDown UIInterfaceOrientationLandscapeLeft UIInterfaceOrientationLandscapeRight";
				INFOPLIST_KEY_UISupportedInterfaceOrientations_iPhone = "UIInterfaceOrientationPortrait UIInterfaceOrientationLandscapeLeft UIInterfaceOrientationLandscapeRight";
				LD_RUNPATH_SEARCH_PATHS = (
					"$(inherited)",
					"@executable_path/Frameworks",
				);
				MARKETING_VERSION = 1.0;
				PRODUCT_BUNDLE_IDENTIFIER = weijie.zhou.com.cn.LayoutDemo;
				PRODUCT_NAME = "$(TARGET_NAME)";
				SWIFT_EMIT_LOC_STRINGS = YES;
				SWIFT_VERSION = 5.0;
				TARGETED_DEVICE_FAMILY = "1,2";
			};
			name = Debug;
		};
		48F758222B25574600D1FBAE /* Release */ = {
			isa = XCBuildConfiguration;
			baseConfigurationReference = B64D81F8331EBBD19BB4B2B6 /* Pods-LayoutDemo.release.xcconfig */;
			buildSettings = {
				ASSETCATALOG_COMPILER_APPICON_NAME = AppIcon;
				ASSETCATALOG_COMPILER_GLOBAL_ACCENT_COLOR_NAME = AccentColor;
				CODE_SIGN_STYLE = Automatic;
				CURRENT_PROJECT_VERSION = 1;
				DEVELOPMENT_TEAM = KVX8FV3VE3;
				GENERATE_INFOPLIST_FILE = YES;
				INFOPLIST_FILE = LayoutDemo/Info.plist;
				INFOPLIST_KEY_UIApplicationSupportsIndirectInputEvents = YES;
				INFOPLIST_KEY_UILaunchStoryboardName = LaunchScreen;
				INFOPLIST_KEY_UIMainStoryboardFile = Main;
				INFOPLIST_KEY_UISupportedInterfaceOrientations_iPad = "UIInterfaceOrientationPortrait UIInterfaceOrientationPortraitUpsideDown UIInterfaceOrientationLandscapeLeft UIInterfaceOrientationLandscapeRight";
				INFOPLIST_KEY_UISupportedInterfaceOrientations_iPhone = "UIInterfaceOrientationPortrait UIInterfaceOrientationLandscapeLeft UIInterfaceOrientationLandscapeRight";
				LD_RUNPATH_SEARCH_PATHS = (
					"$(inherited)",
					"@executable_path/Frameworks",
				);
				MARKETING_VERSION = 1.0;
				PRODUCT_BUNDLE_IDENTIFIER = weijie.zhou.com.cn.LayoutDemo;
				PRODUCT_NAME = "$(TARGET_NAME)";
				SWIFT_EMIT_LOC_STRINGS = YES;
				SWIFT_VERSION = 5.0;
				TARGETED_DEVICE_FAMILY = "1,2";
			};
			name = Release;
		};
/* End XCBuildConfiguration section */

/* Begin XCConfigurationList section */
		48F758072B25574300D1FBAE /* Build configuration list for PBXProject "LayoutDemo" */ = {
			isa = XCConfigurationList;
			buildConfigurations = (
				48F7581E2B25574600D1FBAE /* Debug */,
				48F7581F2B25574600D1FBAE /* Release */,
			);
			defaultConfigurationIsVisible = 0;
			defaultConfigurationName = Release;
		};
		48F758202B25574600D1FBAE /* Build configuration list for PBXNativeTarget "LayoutDemo" */ = {
			isa = XCConfigurationList;
			buildConfigurations = (
				48F758212B25574600D1FBAE /* Debug */,
				48F758222B25574600D1FBAE /* Release */,
			);
			defaultConfigurationIsVisible = 0;
			defaultConfigurationName = Release;
		};
/* End XCConfigurationList section */
	};
	rootObject = 48F758042B25574300D1FBAE /* Project object */;
}
